
Microsoft Visual Studio Solution File, Format Version 12.00
# Visual Studio Version 17
VisualStudioVersion = 17.9.34728.123
MinimumVisualStudioVersion = 10.0.40219.1
Project("{9A19103F-16F7-4668-BE54-9A1E7A4F7556}") = "bluedit", "Bluedit\bluedit.csproj", "{B180A473-457A-473C-B746-9EB0CED7E42D}"
EndProject
Project("{9A19103F-16F7-4668-BE54-9A1E7A4F7556}") = "TestBlueddit", "TestBlueddit\TestBlueddit.csproj", "{A4E098A8-D92F-48A8-888B-2744DAE1DEED}"
EndProject
Global
	GlobalSection(SolutionConfigurationPlatforms) = preSolution
		Debug|Any CPU = Debug|Any CPU
		Release|Any CPU = Release|Any CPU
	EndGlobalSection
	GlobalSection(ProjectConfigurationPlatforms) = postSolution
		{B180A473-457A-473C-B746-9EB0CED7E42D}.Debug|Any CPU.ActiveCfg = Debug|Any CPU
		{B180A473-457A-473C-B746-9EB0CED7E42D}.Debug|Any CPU.Build.0 = Debug|Any CPU
		{B180A473-457A-473C-B746-9EB0CED7E42D}.Release|Any CPU.ActiveCfg = Release|Any CPU
		{B180A473-457A-473C-B746-9EB0CED7E42D}.Release|Any CPU.Build.0 = Release|Any CPU
		{A4E098A8-D92F-48A8-888B-2744DAE1DEED}.Debug|Any CPU.ActiveCfg = Debug|Any CPU
		{A4E098A8-D92F-48A8-888B-2744DAE1DEED}.Debug|Any CPU.Build.0 = Debug|Any CPU
		{A4E098A8-D92F-48A8-888B-2744DAE1DEED}.Release|Any CPU.ActiveCfg = Release|Any CPU
		{A4E098A8-D92F-48A8-888B-2744DAE1DEED}.Release|Any CPU.Build.0 = Release|Any CPU
	EndGlobalSection
	GlobalSection(SolutionProperties) = preSolution
		HideSolutionNode = FALSE
	EndGlobalSection
	GlobalSection(ExtensibilityGlobals) = postSolution
		SolutionGuid = {15CD0FD1-211C-4A1E-8CD9-9894BA0DC3AD}
	EndGlobalSection
EndGlobal
