
Microsoft Visual Studio Solution File, Format Version 12.00
# Visual Studio Version 17
VisualStudioVersion = 17.9.34728.123
MinimumVisualStudioVersion = 10.0.40219.1
Project("{FAE04EC0-301F-11D3-BF4B-00C04F79EFBC}") = "bluedit", "bluedit.csproj", "{840FCBD7-7423-4A3B-91DC-AA5CAF70E8DB}"
EndProject
Global
	GlobalSection(SolutionConfigurationPlatforms) = preSolution
		Debug|Any CPU = Debug|Any CPU
		Release|Any CPU = Release|Any CPU
	EndGlobalSection
	GlobalSection(ProjectConfigurationPlatforms) = postSolution
		{840FCBD7-7423-4A3B-91DC-AA5CAF70E8DB}.Debug|Any CPU.ActiveCfg = Debug|Any CPU
		{840FCBD7-7423-4A3B-91DC-AA5CAF70E8DB}.Debug|Any CPU.Build.0 = Debug|Any CPU
		{840FCBD7-7423-4A3B-91DC-AA5CAF70E8DB}.Release|Any CPU.ActiveCfg = Release|Any CPU
		{840FCBD7-7423-4A3B-91DC-AA5CAF70E8DB}.Release|Any CPU.Build.0 = Release|Any CPU
	EndGlobalSection
	GlobalSection(SolutionProperties) = preSolution
		HideSolutionNode = FALSE
	EndGlobalSection
	GlobalSection(ExtensibilityGlobals) = postSolution
		SolutionGuid = {D5EA5B92-0AFC-45A8-8014-D06A9350ECF9}
	EndGlobalSection
EndGlobal
