
Microsoft Visual Studio Solution File, Format Version 12.00
# Visual Studio Version 17
VisualStudioVersion = 17.9.34622.214
MinimumVisualStudioVersion = 10.0.40219.1
Project("{00D1A9C2-B5F0-4AF3-8072-F6C62B433612}") = "db", "db.sqlproj", "{B60A8DBC-AF03-4C32-842E-500864D58B55}"
EndProject
Global
	GlobalSection(SolutionConfigurationPlatforms) = preSolution
		Debug|Any CPU = Debug|Any CPU
		Release|Any CPU = Release|Any CPU
	EndGlobalSection
	GlobalSection(ProjectConfigurationPlatforms) = postSolution
		{B60A8DBC-AF03-4C32-842E-500864D58B55}.Debug|Any CPU.ActiveCfg = Debug|Any CPU
		{B60A8DBC-AF03-4C32-842E-500864D58B55}.Debug|Any CPU.Build.0 = Debug|Any CPU
		{B60A8DBC-AF03-4C32-842E-500864D58B55}.Debug|Any CPU.Deploy.0 = Debug|Any CPU
		{B60A8DBC-AF03-4C32-842E-500864D58B55}.Release|Any CPU.ActiveCfg = Release|Any CPU
		{B60A8DBC-AF03-4C32-842E-500864D58B55}.Release|Any CPU.Build.0 = Release|Any CPU
		{B60A8DBC-AF03-4C32-842E-500864D58B55}.Release|Any CPU.Deploy.0 = Release|Any CPU
		{ACAB3206-AAFF-444C-8BF3-55837FB556D9}.Debug|Any CPU.ActiveCfg = Debug|Any CPU
		{ACAB3206-AAFF-444C-8BF3-55837FB556D9}.Debug|Any CPU.Build.0 = Debug|Any CPU
		{ACAB3206-AAFF-444C-8BF3-55837FB556D9}.Release|Any CPU.ActiveCfg = Release|Any CPU
		{ACAB3206-AAFF-444C-8BF3-55837FB556D9}.Release|Any CPU.Build.0 = Release|Any CPU
	EndGlobalSection
	GlobalSection(SolutionProperties) = preSolution
		HideSolutionNode = FALSE
	EndGlobalSection
	GlobalSection(ExtensibilityGlobals) = postSolution
		SolutionGuid = {38809BA7-2A22-4EB2-946C-5AD025A4C776}
	EndGlobalSection
EndGlobal
